
Microsoft Visual Studio Solution File, Format Version 12.00
# Visual Studio Version 17
VisualStudioVersion = 17.13.35931.197 d17.13
MinimumVisualStudioVersion = 10.0.40219.1
Project("{FAE04EC0-301F-11D3-BF4B-00C04F79EFBC}") = "Shorten_linker", "Shorten_linker\Shorten_linker.csproj", "{331EE888-B133-41E5-BF94-C12EE52247EA}"
EndProject
Global
	GlobalSection(SolutionConfigurationPlatforms) = preSolution
		Debug|Any CPU = Debug|Any CPU
		Release|Any CPU = Release|Any CPU
	EndGlobalSection
	GlobalSection(ProjectConfigurationPlatforms) = postSolution
		{331EE888-B133-41E5-BF94-C12EE52247EA}.Debug|Any CPU.ActiveCfg = Debug|Any CPU
		{331EE888-B133-41E5-BF94-C12EE52247EA}.Debug|Any CPU.Build.0 = Debug|Any CPU
		{331EE888-B133-41E5-BF94-C12EE52247EA}.Release|Any CPU.ActiveCfg = Release|Any CPU
		{331EE888-B133-41E5-BF94-C12EE52247EA}.Release|Any CPU.Build.0 = Release|Any CPU
	EndGlobalSection
	GlobalSection(SolutionProperties) = preSolution
		HideSolutionNode = FALSE
	EndGlobalSection
	GlobalSection(ExtensibilityGlobals) = postSolution
		SolutionGuid = {69270060-72D9-4468-AFB4-352B830DA256}
	EndGlobalSection
EndGlobal
